
Microsoft Visual Studio Solution File, Format Version 12.00
# Visual Studio Version 17
VisualStudioVersion = 17.2.32616.157
MinimumVisualStudioVersion = 10.0.40219.1
Project("{FAE04EC0-301F-11D3-BF4B-00C04F79EFBC}") = "VeryGoodNewsPortal", "VeryGoodNewsPortal\VeryGoodNewsPortal.csproj", "{703EF9F8-BCC5-49D1-9527-01C81FE94877}"
EndProject
Project("{2150E333-8FDC-42A3-9474-1A3956D46DE8}") = "Data", "Data", "{BD268F8D-2CA4-4A0E-B3C0-06CE8639DE56}"
EndProject
Global
	GlobalSection(SolutionConfigurationPlatforms) = preSolution
		Debug|Any CPU = Debug|Any CPU
		Release|Any CPU = Release|Any CPU
	EndGlobalSection
	GlobalSection(ProjectConfigurationPlatforms) = postSolution
		{703EF9F8-BCC5-49D1-9527-01C81FE94877}.Debug|Any CPU.ActiveCfg = Debug|Any CPU
		{703EF9F8-BCC5-49D1-9527-01C81FE94877}.Debug|Any CPU.Build.0 = Debug|Any CPU
		{703EF9F8-BCC5-49D1-9527-01C81FE94877}.Release|Any CPU.ActiveCfg = Release|Any CPU
		{703EF9F8-BCC5-49D1-9527-01C81FE94877}.Release|Any CPU.Build.0 = Release|Any CPU
	EndGlobalSection
	GlobalSection(SolutionProperties) = preSolution
		HideSolutionNode = FALSE
	EndGlobalSection
	GlobalSection(ExtensibilityGlobals) = postSolution
		SolutionGuid = {86B57212-79C0-4986-A219-152877433B08}
	EndGlobalSection
EndGlobal
